
Microsoft Visual Studio Solution File, Format Version 12.00
# Visual Studio 14
VisualStudioVersion = 14.0.25420.1
MinimumVisualStudioVersion = 10.0.40219.1
Project("{FAE04EC0-301F-11D3-BF4B-00C04F79EFBC}") = "EFTest", "EFTest\EFTest.csproj", "{550A138E-0DB1-4F81-8C82-93C781ACBE60}"
EndProject
Global
	GlobalSection(SolutionConfigurationPlatforms) = preSolution
		Debug|Any CPU = Debug|Any CPU
		Release|Any CPU = Release|Any CPU
	EndGlobalSection
	GlobalSection(ProjectConfigurationPlatforms) = postSolution
		{550A138E-0DB1-4F81-8C82-93C781ACBE60}.Debug|Any CPU.ActiveCfg = Debug|Any CPU
		{550A138E-0DB1-4F81-8C82-93C781ACBE60}.Debug|Any CPU.Build.0 = Debug|Any CPU
		{550A138E-0DB1-4F81-8C82-93C781ACBE60}.Release|Any CPU.ActiveCfg = Release|Any CPU
		{550A138E-0DB1-4F81-8C82-93C781ACBE60}.Release|Any CPU.Build.0 = Release|Any CPU
	EndGlobalSection
	GlobalSection(SolutionProperties) = preSolution
		HideSolutionNode = FALSE
	EndGlobalSection
EndGlobal
